
Microsoft Visual Studio Solution File, Format Version 12.00
# Visual Studio Version 17
VisualStudioVersion = 17.9.34701.34
MinimumVisualStudioVersion = 10.0.40219.1
Project("{FAE04EC0-301F-11D3-BF4B-00C04F79EFBC}") = "MvcCv", "MvcCv\MvcCv.csproj", "{A8C33304-3C49-4FAE-A8F3-111A866A9A83}"
EndProject
Global
	GlobalSection(SolutionConfigurationPlatforms) = preSolution
		Debug|Any CPU = Debug|Any CPU
		Release|Any CPU = Release|Any CPU
	EndGlobalSection
	GlobalSection(ProjectConfigurationPlatforms) = postSolution
		{A8C33304-3C49-4FAE-A8F3-111A866A9A83}.Debug|Any CPU.ActiveCfg = Debug|Any CPU
		{A8C33304-3C49-4FAE-A8F3-111A866A9A83}.Debug|Any CPU.Build.0 = Debug|Any CPU
		{A8C33304-3C49-4FAE-A8F3-111A866A9A83}.Release|Any CPU.ActiveCfg = Release|Any CPU
		{A8C33304-3C49-4FAE-A8F3-111A866A9A83}.Release|Any CPU.Build.0 = Release|Any CPU
	EndGlobalSection
	GlobalSection(SolutionProperties) = preSolution
		HideSolutionNode = FALSE
	EndGlobalSection
	GlobalSection(ExtensibilityGlobals) = postSolution
		SolutionGuid = {29E18DB4-D58B-4CDA-B806-2CA33756F72E}
	EndGlobalSection
EndGlobal
